Microsoft Visual Studio Solution File, Format Version 12.00
# Visual Studio Version 17
VisualStudioVersion = 17.5.2.0
MinimumVisualStudioVersion = 10.0.40219.1
Project("{FAE04EC0-301F-11D3-BF4B-00C04F79EFBC}") = "MauiApp1_2026", "MauiApp1_2026.csproj", "{96285022-5643-FF63-8BB3-F9AE36C566A8}"
EndProject
Global
	GlobalSection(SolutionConfigurationPlatforms) = preSolution
		Debug|Any CPU = Debug|Any CPU
		Release|Any CPU = Release|Any CPU
	EndGlobalSection
	GlobalSection(ProjectConfigurationPlatforms) = postSolution
		{96285022-5643-FF63-8BB3-F9AE36C566A8}.Debug|Any CPU.ActiveCfg = Debug|Any CPU
		{96285022-5643-FF63-8BB3-F9AE36C566A8}.Debug|Any CPU.Build.0 = Debug|Any CPU
		{96285022-5643-FF63-8BB3-F9AE36C566A8}.Release|Any CPU.ActiveCfg = Release|Any CPU
		{96285022-5643-FF63-8BB3-F9AE36C566A8}.Release|Any CPU.Build.0 = Release|Any CPU
	EndGlobalSection
	GlobalSection(SolutionProperties) = preSolution
		HideSolutionNode = FALSE
	EndGlobalSection
	GlobalSection(ExtensibilityGlobals) = postSolution
		SolutionGuid = {6119ED83-7EEC-43F7-ADAD-E9897D23F57D}
	EndGlobalSection
EndGlobal
